<?xml version="1.0" encoding="utf-8"?>
<Project ToolsVersion="4.0" xmlns="http://schemas.microsoft.com/developer/msbuild/2003">
  <ItemGroup>
    <ClCompile Include="..\Classes\AnimationEdition.cpp" />
    <ClCompile Include="..\Classes\AppDelegate.cpp" />
    <ClCompile Include="..\Classes\Arthur.cpp" />
    <ClCompile Include="..\Classes\Avene.cpp" />
    <ClCompile Include="..\Classes\Blood.cpp" />
    <ClCompile Include="..\Classes\ChooseCharacter.cpp" />
    <ClCompile Include="..\Classes\Daji.cpp" />
    <ClCompile Include="..\Classes\GameLogoLayer.cpp" />
    <ClCompile Include="..\Classes\GameScene0.cpp" />
    <ClCompile Include="..\Classes\GameScene2.cpp" />
    <ClCompile Include="..\Classes\HelloWorldScene.cpp" />
    <ClCompile Include="..\Classes\Help.cpp" />
    <ClCompile Include="..\Classes\Hero.cpp" />
    <ClCompile Include="..\Classes\Houyi.cpp" />
    <ClCompile Include="..\Classes\HUDLayer.cpp" />
    <ClCompile Include="..\Classes\menuScene1st.cpp" />
    <ClCompile Include="..\Classes\MinionController.cpp" />
    <ClCompile Include="..\Classes\Object.cpp" />
    <ClCompile Include="..\Classes\Setting.cpp" />
    <ClCompile Include="main.cpp" />
    <ClCompile Include="..\Classes\GloblVal.cpp" />
    <ClCompile Include="..\Classes\源.cpp" />
  </ItemGroup>
  <ItemGroup>
    <ClInclude Include="..\Classes\AnimationEdition.h" />
    <ClInclude Include="..\Classes\AppDelegate.h" />
    <ClInclude Include="..\Classes\Arthur.h" />
    <ClInclude Include="..\Classes\Avene.h" />
    <ClInclude Include="..\Classes\Blood.h" />
    <ClInclude Include="..\Classes\ChooseCharacter.h" />
    <ClInclude Include="..\Classes\Daji.h" />
    <ClInclude Include="..\Classes\GameLogoLayer.h" />
    <ClInclude Include="..\Classes\GameScene0.h" />
    <ClInclude Include="..\Classes\GameScene2.h" />
    <ClInclude Include="..\Classes\HelloWorldScene.h" />
    <ClInclude Include="..\Classes\Help.h" />
    <ClInclude Include="..\Classes\hero.h" />
    <ClInclude Include="..\Classes\Houyi.h" />
    <ClInclude Include="..\Classes\HUDLayer.h" />
    <ClInclude Include="..\Classes\menuScene1st.h" />
    <ClInclude Include="..\Classes\MinionController.h" />
    <ClInclude Include="..\Classes\Object.h" />
    <ClInclude Include="..\Classes\Setting.h" />
    <ClInclude Include="main.h" />
    <ClInclude Include="..\Classes\GloalVal.h" />
  </ItemGroup>
  <ItemGroup>
    <ResourceCompile Include="game.rc" />
  </ItemGroup>
</Project>