<?xml version="1.0" encoding="utf-8"?>
<Project ToolsVersion="4.0" xmlns="http://schemas.microsoft.com/developer/msbuild/2003">
  <ItemGroup>
    <ClCompile Include="..\Classes\AnimationEdition.cpp" />
    <ClCompile Include="..\Classes\AppDelegate.cpp" />
    <ClCompile Include="..\Classes\Arthur.cpp" />
    <ClCompile Include="..\Classes\Astar.cpp" />
    <ClCompile Include="..\Classes\Blood.cpp" />
    <ClCompile Include="..\Classes\Daji.cpp" />
    <ClCompile Include="..\Classes\GameLogoLayer.cpp" />
    <ClCompile Include="..\Classes\GlobalVal.cpp" />
    <ClCompile Include="..\Classes\HelloWorldScene.cpp" />
    <ClCompile Include="..\Classes\Help.cpp" />
    <ClCompile Include="..\Classes\Hero.cpp" />
    <ClCompile Include="..\Classes\Houyi.cpp" />
    <ClCompile Include="..\Classes\menuScene1st.cpp" />
    <ClCompile Include="..\Classes\MinionController.cpp" />
    <ClCompile Include="..\Classes\Setting.cpp" />
    <ClCompile Include="..\Classes\源.cpp" />
    <ClCompile Include="main.cpp" />
    <ClCompile Include="..\Classes\GameScene2.cpp">
      <Filter>NewFilter1</Filter>
    </ClCompile>
    <ClCompile Include="..\Classes\Object.cpp">
      <Filter>NewFilter1</Filter>
    </ClCompile>
    <ClCompile Include="..\Classes\HUDLayer.cpp">
      <Filter>NewFilter1</Filter>
    </ClCompile>
    <ClCompile Include="..\Classes\GameScene0.cpp">
      <Filter>NewFilter1</Filter>
    </ClCompile>
    <ClCompile Include="..\Classes\ChooseCharacter.cpp">
      <Filter>NewFilter1</Filter>
    </ClCompile>
    <ClCompile Include="..\Classes\Avene.cpp">
      <Filter>NewFilter1</Filter>
    </ClCompile>
  </ItemGroup>
  <ItemGroup>
    <ClInclude Include="..\Classes\AnimationEdition.h" />
    <ClInclude Include="..\Classes\AppDelegate.h" />
    <ClInclude Include="..\Classes\Arthur.h" />
    <ClInclude Include="..\Classes\Astar.h" />
    <ClInclude Include="..\Classes\Blood.h" />
    <ClInclude Include="..\Classes\Daji.h" />
    <ClInclude Include="..\Classes\GameLogoLayer.h" />
    <ClInclude Include="..\Classes\GlobalVal.h" />
    <ClInclude Include="..\Classes\HelloWorldScene.h" />
    <ClInclude Include="..\Classes\Help.h" />
    <ClInclude Include="..\Classes\hero.h" />
    <ClInclude Include="..\Classes\Houyi.h" />
    <ClInclude Include="..\Classes\menuScene1st.h" />
    <ClInclude Include="..\Classes\MinionController.h" />
    <ClInclude Include="..\Classes\Setting.h" />
    <ClInclude Include="main.h" />
    <ClInclude Include="..\Classes\Object.h">
      <Filter>NewFilter1</Filter>
    </ClInclude>
    <ClInclude Include="..\Classes\HUDLayer.h">
      <Filter>NewFilter1</Filter>
    </ClInclude>
    <ClInclude Include="..\Classes\GameScene2.h">
      <Filter>NewFilter1</Filter>
    </ClInclude>
    <ClInclude Include="..\Classes\GameScene0.h">
      <Filter>NewFilter1</Filter>
    </ClInclude>
    <ClInclude Include="..\Classes\ChooseCharacter.h">
      <Filter>NewFilter1</Filter>
    </ClInclude>
    <ClInclude Include="..\Classes\Avene.h">
      <Filter>NewFilter1</Filter>
    </ClInclude>
  </ItemGroup>
  <ItemGroup>
    <ResourceCompile Include="game.rc" />
  </ItemGroup>
  <ItemGroup>
    <Filter Include="NewFilter1">
      <UniqueIdentifier>{798415ba-e557-45e9-9c83-9616c1e6baac}</UniqueIdentifier>
    </Filter>
  </ItemGroup>
</Project>