<?xml version="1.0" encoding="utf-8"?>
<Project ToolsVersion="4.0" xmlns="http://schemas.microsoft.com/developer/msbuild/2003">
  <ItemGroup>
    <ClCompile Include="..\Classes\AnimationEdition.cpp" />
    <ClCompile Include="..\Classes\AppDelegate.cpp" />
    <ClCompile Include="..\Classes\Avene.cpp" />
    <ClCompile Include="..\Classes\Blood.cpp" />
    <ClCompile Include="..\Classes\HUDLayer.cpp" />
    <ClCompile Include="..\Classes\MinionController.cpp" />
    <ClCompile Include="..\Classes\Object.cpp" />
    <ClCompile Include="..\Classes\Setting.cpp" />
    <ClCompile Include="main.cpp" />
    <ClCompile Include="..\Classes\GloblVal.cpp" />
    <ClCompile Include="..\Classes\源.cpp" />
    <ClCompile Include="..\Classes\ChooseCharacter.cpp">
      <Filter>Scene</Filter>
    </ClCompile>
    <ClCompile Include="..\Classes\GameLogoLayer.cpp">
      <Filter>Scene</Filter>
    </ClCompile>
    <ClCompile Include="..\Classes\GameScene0.cpp">
      <Filter>Scene</Filter>
    </ClCompile>
    <ClCompile Include="..\Classes\GameScene2.cpp">
      <Filter>Scene</Filter>
    </ClCompile>
    <ClCompile Include="..\Classes\HelloWorldScene.cpp">
      <Filter>Scene</Filter>
    </ClCompile>
    <ClCompile Include="..\Classes\menuScene1st.cpp">
      <Filter>Scene</Filter>
    </ClCompile>
    <ClCompile Include="..\Classes\Help.cpp">
      <Filter>Scene</Filter>
    </ClCompile>
    <ClCompile Include="..\Classes\Arthur.cpp">
      <Filter>Scene</Filter>
    </ClCompile>
    <ClCompile Include="..\Classes\Daji.cpp">
      <Filter>Scene</Filter>
    </ClCompile>
    <ClCompile Include="..\Classes\Houyi.cpp">
      <Filter>Scene</Filter>
    </ClCompile>
    <ClCompile Include="..\Classes\Hero.cpp">
      <Filter>Scene</Filter>
    </ClCompile>
    <ClCompile Include="..\Classes\Astar.cpp" />
  </ItemGroup>
  <ItemGroup>
    <ClInclude Include="..\Classes\AnimationEdition.h" />
    <ClInclude Include="..\Classes\AppDelegate.h" />
    <ClInclude Include="..\Classes\Avene.h" />
    <ClInclude Include="..\Classes\Blood.h" />
    <ClInclude Include="..\Classes\HUDLayer.h" />
    <ClInclude Include="..\Classes\MinionController.h" />
    <ClInclude Include="..\Classes\Object.h" />
    <ClInclude Include="..\Classes\Setting.h" />
    <ClInclude Include="main.h" />
    <ClInclude Include="..\Classes\GloalVal.h" />
    <ClInclude Include="..\Classes\ChooseCharacter.h">
      <Filter>Scene</Filter>
    </ClInclude>
    <ClInclude Include="..\Classes\GameLogoLayer.h">
      <Filter>Scene</Filter>
    </ClInclude>
    <ClInclude Include="..\Classes\GameScene0.h">
      <Filter>Scene</Filter>
    </ClInclude>
    <ClInclude Include="..\Classes\GameScene2.h">
      <Filter>Scene</Filter>
    </ClInclude>
    <ClInclude Include="..\Classes\HelloWorldScene.h">
      <Filter>Scene</Filter>
    </ClInclude>
    <ClInclude Include="..\Classes\menuScene1st.h">
      <Filter>Scene</Filter>
    </ClInclude>
    <ClInclude Include="..\Classes\Help.h">
      <Filter>Scene</Filter>
    </ClInclude>
    <ClInclude Include="..\Classes\Arthur.h">
      <Filter>Scene</Filter>
    </ClInclude>
    <ClInclude Include="..\Classes\Daji.h">
      <Filter>Scene</Filter>
    </ClInclude>
    <ClInclude Include="..\Classes\Houyi.h">
      <Filter>Scene</Filter>
    </ClInclude>
    <ClInclude Include="..\Classes\hero.h">
      <Filter>Scene</Filter>
    </ClInclude>
    <ClInclude Include="..\Classes\Astar.h" />
  </ItemGroup>
  <ItemGroup>
    <ResourceCompile Include="game.rc" />
  </ItemGroup>
  <ItemGroup>
    <Filter Include="Scene">
      <UniqueIdentifier>{4693a774-3b4d-4221-abb1-d79ecc848334}</UniqueIdentifier>
    </Filter>
  </ItemGroup>
</Project>